
Microsoft Visual Studio Solution File, Format Version 12.00
# Visual Studio 2013
VisualStudioVersion = 12.0.31101.0
MinimumVisualStudioVersion = 10.0.40219.1
Project("{FAE04EC0-301F-11D3-BF4B-00C04F79EFBC}") = "evs30Api", "evs30Api\evs30Api.csproj", "{A3AEF73A-FF33-4CBF-B593-6AD85709402F}"
EndProject
Project("{FAE04EC0-301F-11D3-BF4B-00C04F79EFBC}") = "evs.DAL", "evs.DAL\evs.DAL.csproj", "{71058869-7971-4CC2-8265-B0B882C700B8}"
EndProject
Project("{FAE04EC0-301F-11D3-BF4B-00C04F79EFBC}") = "evs.Model", "evs.Model\evs.Model.csproj", "{DFF16E08-510D-4801-BAA0-0F6CBA1709E9}"
EndProject
Project("{FAE04EC0-301F-11D3-BF4B-00C04F79EFBC}") = "evs3.0", "..\evs3.0\evs3.0.csproj", "{BC5048A5-FFB5-4819-B24C-70CB7D6B34C8}"
EndProject
Project("{FAE04EC0-301F-11D3-BF4B-00C04F79EFBC}") = "evs.API", "evs.API\evs.API.csproj", "{44F82517-9EB8-483D-B4D4-91AC7AE91320}"
EndProject
Global
	GlobalSection(SolutionConfigurationPlatforms) = preSolution
		Debug|Any CPU = Debug|Any CPU
		Release|Any CPU = Release|Any CPU
	EndGlobalSection
	GlobalSection(ProjectConfigurationPlatforms) = postSolution
		{A3AEF73A-FF33-4CBF-B593-6AD85709402F}.Debug|Any CPU.ActiveCfg = Debug|Any CPU
		{A3AEF73A-FF33-4CBF-B593-6AD85709402F}.Debug|Any CPU.Build.0 = Debug|Any CPU
		{A3AEF73A-FF33-4CBF-B593-6AD85709402F}.Release|Any CPU.ActiveCfg = Release|Any CPU
		{A3AEF73A-FF33-4CBF-B593-6AD85709402F}.Release|Any CPU.Build.0 = Release|Any CPU
		{71058869-7971-4CC2-8265-B0B882C700B8}.Debug|Any CPU.ActiveCfg = Debug|Any CPU
		{71058869-7971-4CC2-8265-B0B882C700B8}.Debug|Any CPU.Build.0 = Debug|Any CPU
		{71058869-7971-4CC2-8265-B0B882C700B8}.Release|Any CPU.ActiveCfg = Release|Any CPU
		{71058869-7971-4CC2-8265-B0B882C700B8}.Release|Any CPU.Build.0 = Release|Any CPU
		{DFF16E08-510D-4801-BAA0-0F6CBA1709E9}.Debug|Any CPU.ActiveCfg = Debug|Any CPU
		{DFF16E08-510D-4801-BAA0-0F6CBA1709E9}.Debug|Any CPU.Build.0 = Debug|Any CPU
		{DFF16E08-510D-4801-BAA0-0F6CBA1709E9}.Release|Any CPU.ActiveCfg = Release|Any CPU
		{DFF16E08-510D-4801-BAA0-0F6CBA1709E9}.Release|Any CPU.Build.0 = Release|Any CPU
		{BC5048A5-FFB5-4819-B24C-70CB7D6B34C8}.Debug|Any CPU.ActiveCfg = Debug|Any CPU
		{BC5048A5-FFB5-4819-B24C-70CB7D6B34C8}.Debug|Any CPU.Build.0 = Debug|Any CPU
		{BC5048A5-FFB5-4819-B24C-70CB7D6B34C8}.Release|Any CPU.ActiveCfg = Release|Any CPU
		{BC5048A5-FFB5-4819-B24C-70CB7D6B34C8}.Release|Any CPU.Build.0 = Release|Any CPU
		{44F82517-9EB8-483D-B4D4-91AC7AE91320}.Debug|Any CPU.ActiveCfg = Debug|Any CPU
		{44F82517-9EB8-483D-B4D4-91AC7AE91320}.Debug|Any CPU.Build.0 = Debug|Any CPU
		{44F82517-9EB8-483D-B4D4-91AC7AE91320}.Release|Any CPU.ActiveCfg = Release|Any CPU
		{44F82517-9EB8-483D-B4D4-91AC7AE91320}.Release|Any CPU.Build.0 = Release|Any CPU
	EndGlobalSection
	GlobalSection(SolutionProperties) = preSolution
		HideSolutionNode = FALSE
	EndGlobalSection
EndGlobal
